
Microsoft Visual Studio Solution File, Format Version 12.00
# Visual Studio Version 16
VisualStudioVersion = 16.0.31129.286
MinimumVisualStudioVersion = 10.0.40219.1
Project("{FAE04EC0-301F-11D3-BF4B-00C04F79EFBC}") = "GoogleAuthentication", "GoogleAuthentication\GoogleAuthentication.csproj", "{77E2702D-A2C9-42EA-88D7-415F2E609B1C}"
EndProject
Global
	GlobalSection(SolutionConfigurationPlatforms) = preSolution
		Debug|Any CPU = Debug|Any CPU
		Release|Any CPU = Release|Any CPU
	EndGlobalSection
	GlobalSection(ProjectConfigurationPlatforms) = postSolution
		{77E2702D-A2C9-42EA-88D7-415F2E609B1C}.Debug|Any CPU.ActiveCfg = Debug|Any CPU
		{77E2702D-A2C9-42EA-88D7-415F2E609B1C}.Debug|Any CPU.Build.0 = Debug|Any CPU
		{77E2702D-A2C9-42EA-88D7-415F2E609B1C}.Release|Any CPU.ActiveCfg = Release|Any CPU
		{77E2702D-A2C9-42EA-88D7-415F2E609B1C}.Release|Any CPU.Build.0 = Release|Any CPU
	EndGlobalSection
	GlobalSection(SolutionProperties) = preSolution
		HideSolutionNode = FALSE
	EndGlobalSection
	GlobalSection(ExtensibilityGlobals) = postSolution
		SolutionGuid = {ACD00565-F0FF-4B0A-B7C3-9B9CD57F4DA8}
	EndGlobalSection
EndGlobal
